// !$*UTF8*$!
{
	archiveVersion = 1;
	classes = {
	};
	objectVersion = 50;
	objects = {

/* Begin PBXBuildFile section */
		B67764BD22FC326D00420041 /* UpdateLocationResponse.swift in Sources */ = {isa = PBXBuildFile; fileRef = B67764BC22FC326D00420041 /* UpdateLocationResponse.swift */; };
		B68069E422F81164007FED80 /* AppDelegate.swift in Sources */ = {isa = PBXBuildFile; fileRef = B68069E322F81164007FED80 /* AppDelegate.swift */; };
		B68069E622F81164007FED80 /* LoginViewController.swift in Sources */ = {isa = PBXBuildFile; fileRef = B68069E522F81164007FED80 /* LoginViewController.swift */; };
		B68069E922F81164007FED80 /* Main.storyboard in Resources */ = {isa = PBXBuildFile; fileRef = B68069E722F81164007FED80 /* Main.storyboard */; };
		B68069EB22F81165007FED80 /* Assets.xcassets in Resources */ = {isa = PBXBuildFile; fileRef = B68069EA22F81165007FED80 /* Assets.xcassets */; };
		B68069EE22F81165007FED80 /* LaunchScreen.storyboard in Resources */ = {isa = PBXBuildFile; fileRef = B68069EC22F81165007FED80 /* LaunchScreen.storyboard */; };
		B68069FD22F82A44007FED80 /* UdacityClient.swift in Sources */ = {isa = PBXBuildFile; fileRef = B68069FC22F82A44007FED80 /* UdacityClient.swift */; };
		B68069FF22F82AAB007FED80 /* LoginRequest.swift in Sources */ = {isa = PBXBuildFile; fileRef = B68069FE22F82AAB007FED80 /* LoginRequest.swift */; };
		B6806A0122F82C57007FED80 /* LoginResponse.swift in Sources */ = {isa = PBXBuildFile; fileRef = B6806A0022F82C57007FED80 /* LoginResponse.swift */; };
		B6806A0322F82E11007FED80 /* AccountRequest.swift in Sources */ = {isa = PBXBuildFile; fileRef = B6806A0222F82E11007FED80 /* AccountRequest.swift */; };
		B6806A0522F82F8E007FED80 /* AccountResponse.swift in Sources */ = {isa = PBXBuildFile; fileRef = B6806A0422F82F8E007FED80 /* AccountResponse.swift */; };
		B6806A0722F82F98007FED80 /* SessionResponse.swift in Sources */ = {isa = PBXBuildFile; fileRef = B6806A0622F82F98007FED80 /* SessionResponse.swift */; };
		B6806A0922F840E0007FED80 /* MapViewController.swift in Sources */ = {isa = PBXBuildFile; fileRef = B6806A0822F840E0007FED80 /* MapViewController.swift */; };
		B6806A0B22F840F6007FED80 /* TableTabbedViewController.swift in Sources */ = {isa = PBXBuildFile; fileRef = B6806A0A22F840F6007FED80 /* TableTabbedViewController.swift */; };
		B6806A0E22F851F2007FED80 /* StudentInformation.swift in Sources */ = {isa = PBXBuildFile; fileRef = B6806A0D22F851F2007FED80 /* StudentInformation.swift */; };
		B6806A1022F855E8007FED80 /* LocationModel.swift in Sources */ = {isa = PBXBuildFile; fileRef = B6806A0F22F855E8007FED80 /* LocationModel.swift */; };
		B6806A1222F85728007FED80 /* LocationResults.swift in Sources */ = {isa = PBXBuildFile; fileRef = B6806A1122F85728007FED80 /* LocationResults.swift */; };
		B6806A1422F866F2007FED80 /* FindLocationViewController.swift in Sources */ = {isa = PBXBuildFile; fileRef = B6806A1322F866F2007FED80 /* FindLocationViewController.swift */; };
		B6806A1622F86F93007FED80 /* AddLocationViewController.swift in Sources */ = {isa = PBXBuildFile; fileRef = B6806A1522F86F93007FED80 /* AddLocationViewController.swift */; };
		B6A43A9C22F9998A00F6E31B /* AddLocationResponse.swift in Sources */ = {isa = PBXBuildFile; fileRef = B6A43A9B22F9998A00F6E31B /* AddLocationResponse.swift */; };
		B6A43A9E22F9A16900F6E31B /* UserLocationRequest.swift in Sources */ = {isa = PBXBuildFile; fileRef = B6A43A9D22F9A16900F6E31B /* UserLocationRequest.swift */; };
/* End PBXBuildFile section */

/* Begin PBXFileReference section */
		B67764BC22FC326D00420041 /* UpdateLocationResponse.swift */ = {isa = PBXFileReference; lastKnownFileType = sourcecode.swift; path = UpdateLocationResponse.swift; sourceTree = "<group>"; };
		B68069E022F81164007FED80 /* On the Map.app */ = {isa = PBXFileReference; explicitFileType = wrapper.application; includeInIndex = 0; path = "On the Map.app"; sourceTree = BUILT_PRODUCTS_DIR; };
		B68069E322F81164007FED80 /* AppDelegate.swift */ = {isa = PBXFileReference; lastKnownFileType = sourcecode.swift; path = AppDelegate.swift; sourceTree = "<group>"; };
		B68069E522F81164007FED80 /* LoginViewController.swift */ = {isa = PBXFileReference; lastKnownFileType = sourcecode.swift; path = LoginViewController.swift; sourceTree = "<group>"; };
		B68069E822F81164007FED80 /* Base */ = {isa = PBXFileReference; lastKnownFileType = file.storyboard; name = Base; path = Base.lproj/Main.storyboard; sourceTree = "<group>"; };
		B68069EA22F81165007FED80 /* Assets.xcassets */ = {isa = PBXFileReference; lastKnownFileType = folder.assetcatalog; path = Assets.xcassets; sourceTree = "<group>"; };
		B68069ED22F81165007FED80 /* Base */ = {isa = PBXFileReference; lastKnownFileType = file.storyboard; name = Base; path = Base.lproj/LaunchScreen.storyboard; sourceTree = "<group>"; };
		B68069EF22F81165007FED80 /* Info.plist */ = {isa = PBXFileReference; lastKnownFileType = text.plist.xml; path = Info.plist; sourceTree = "<group>"; };
		B68069FC22F82A44007FED80 /* UdacityClient.swift */ = {isa = PBXFileReference; lastKnownFileType = sourcecode.swift; path = UdacityClient.swift; sourceTree = "<group>"; };
		B68069FE22F82AAB007FED80 /* LoginRequest.swift */ = {isa = PBXFileReference; lastKnownFileType = sourcecode.swift; path = LoginRequest.swift; sourceTree = "<group>"; };
		B6806A0022F82C57007FED80 /* LoginResponse.swift */ = {isa = PBXFileReference; lastKnownFileType = sourcecode.swift; path = LoginResponse.swift; sourceTree = "<group>"; };
		B6806A0222F82E11007FED80 /* AccountRequest.swift */ = {isa = PBXFileReference; lastKnownFileType = sourcecode.swift; path = AccountRequest.swift; sourceTree = "<group>"; };
		B6806A0422F82F8E007FED80 /* AccountResponse.swift */ = {isa = PBXFileReference; lastKnownFileType = sourcecode.swift; path = AccountResponse.swift; sourceTree = "<group>"; };
		B6806A0622F82F98007FED80 /* SessionResponse.swift */ = {isa = PBXFileReference; lastKnownFileType = sourcecode.swift; path = SessionResponse.swift; sourceTree = "<group>"; };
		B6806A0822F840E0007FED80 /* MapViewController.swift */ = {isa = PBXFileReference; lastKnownFileType = sourcecode.swift; path = MapViewController.swift; sourceTree = "<group>"; };
		B6806A0A22F840F6007FED80 /* TableTabbedViewController.swift */ = {isa = PBXFileReference; lastKnownFileType = sourcecode.swift; path = TableTabbedViewController.swift; sourceTree = "<group>"; };
		B6806A0D22F851F2007FED80 /* StudentInformation.swift */ = {isa = PBXFileReference; lastKnownFileType = sourcecode.swift; path = StudentInformation.swift; sourceTree = "<group>"; };
		B6806A0F22F855E8007FED80 /* LocationModel.swift */ = {isa = PBXFileReference; lastKnownFileType = sourcecode.swift; path = LocationModel.swift; sourceTree = "<group>"; };
		B6806A1122F85728007FED80 /* LocationResults.swift */ = {isa = PBXFileReference; lastKnownFileType = sourcecode.swift; path = LocationResults.swift; sourceTree = "<group>"; };
		B6806A1322F866F2007FED80 /* FindLocationViewController.swift */ = {isa = PBXFileReference; lastKnownFileType = sourcecode.swift; path = FindLocationViewController.swift; sourceTree = "<group>"; };
		B6806A1522F86F93007FED80 /* AddLocationViewController.swift */ = {isa = PBXFileReference; lastKnownFileType = sourcecode.swift; path = AddLocationViewController.swift; sourceTree = "<group>"; };
		B6A43A9B22F9998A00F6E31B /* AddLocationResponse.swift */ = {isa = PBXFileReference; lastKnownFileType = sourcecode.swift; path = AddLocationResponse.swift; sourceTree = "<group>"; };
		B6A43A9D22F9A16900F6E31B /* UserLocationRequest.swift */ = {isa = PBXFileReference; lastKnownFileType = sourcecode.swift; path = UserLocationRequest.swift; sourceTree = "<group>"; };
/* End PBXFileReference section */

/* Begin PBXFrameworksBuildPhase section */
		B68069DD22F81164007FED80 /* Frameworks */ = {
			isa = PBXFrameworksBuildPhase;
			buildActionMask = 2147483647;
			files = (
			);
			runOnlyForDeploymentPostprocessing = 0;
		};
/* End PBXFrameworksBuildPhase section */

/* Begin PBXGroup section */
		B68069D722F81164007FED80 = {
			isa = PBXGroup;
			children = (
				B68069E222F81164007FED80 /* On the Map */,
				B68069E122F81164007FED80 /* Products */,
			);
			sourceTree = "<group>";
		};
		B68069E122F81164007FED80 /* Products */ = {
			isa = PBXGroup;
			children = (
				B68069E022F81164007FED80 /* On the Map.app */,
			);
			name = Products;
			sourceTree = "<group>";
		};
		B68069E222F81164007FED80 /* On the Map */ = {
			isa = PBXGroup;
			children = (
				B68069EF22F81165007FED80 /* Info.plist */,
				B68069E322F81164007FED80 /* AppDelegate.swift */,
				B68069F522F8291D007FED80 /* Model */,
				B68069F722F8292F007FED80 /* Controller */,
				B68069F622F8292A007FED80 /* View */,
				B68069F822F8295A007FED80 /* Assets */,
			);
			path = "On the Map";
			sourceTree = "<group>";
		};
		B68069F522F8291D007FED80 /* Model */ = {
			isa = PBXGroup;
			children = (
				B6806A0C22F8518F007FED80 /* Data */,
				B68069FB22F829DB007FED80 /* Udacity Client */,
				B68069FA22F829BF007FED80 /* API Requests */,
				B68069F922F8299A007FED80 /* API Responses */,
			);
			path = Model;
			sourceTree = "<group>";
		};
		B68069F622F8292A007FED80 /* View */ = {
			isa = PBXGroup;
			children = (
				B68069E722F81164007FED80 /* Main.storyboard */,
				B68069EC22F81165007FED80 /* LaunchScreen.storyboard */,
			);
			path = View;
			sourceTree = "<group>";
		};
		B68069F722F8292F007FED80 /* Controller */ = {
			isa = PBXGroup;
			children = (
				B68069E522F81164007FED80 /* LoginViewController.swift */,
				B6806A0822F840E0007FED80 /* MapViewController.swift */,
				B6806A0A22F840F6007FED80 /* TableTabbedViewController.swift */,
				B6806A1322F866F2007FED80 /* FindLocationViewController.swift */,
				B6806A1522F86F93007FED80 /* AddLocationViewController.swift */,
			);
			path = Controller;
			sourceTree = "<group>";
		};
		B68069F822F8295A007FED80 /* Assets */ = {
			isa = PBXGroup;
			children = (
				B68069EA22F81165007FED80 /* Assets.xcassets */,
			);
			path = Assets;
			sourceTree = "<group>";
		};
		B68069F922F8299A007FED80 /* API Responses */ = {
			isa = PBXGroup;
			children = (
				B6806A1122F85728007FED80 /* LocationResults.swift */,
				B6806A0D22F851F2007FED80 /* StudentInformation.swift */,
				B6806A0422F82F8E007FED80 /* AccountResponse.swift */,
				B6806A0622F82F98007FED80 /* SessionResponse.swift */,
				B6806A0022F82C57007FED80 /* LoginResponse.swift */,
				B6A43A9B22F9998A00F6E31B /* AddLocationResponse.swift */,
				B67764BC22FC326D00420041 /* UpdateLocationResponse.swift */,
			);
			path = "API Responses";
			sourceTree = "<group>";
		};
		B68069FA22F829BF007FED80 /* API Requests */ = {
			isa = PBXGroup;
			children = (
				B6806A0222F82E11007FED80 /* AccountRequest.swift */,
				B68069FE22F82AAB007FED80 /* LoginRequest.swift */,
				B6A43A9D22F9A16900F6E31B /* UserLocationRequest.swift */,
			);
			path = "API Requests";
			sourceTree = "<group>";
		};
		B68069FB22F829DB007FED80 /* Udacity Client */ = {
			isa = PBXGroup;
			children = (
				B68069FC22F82A44007FED80 /* UdacityClient.swift */,
			);
			path = "Udacity Client";
			sourceTree = "<group>";
		};
		B6806A0C22F8518F007FED80 /* Data */ = {
			isa = PBXGroup;
			children = (
				B6806A0F22F855E8007FED80 /* LocationModel.swift */,
			);
			path = Data;
			sourceTree = "<group>";
		};
/* End PBXGroup section */

/* Begin PBXNativeTarget section */
		B68069DF22F81164007FED80 /* On the Map */ = {
			isa = PBXNativeTarget;
			buildConfigurationList = B68069F222F81165007FED80 /* Build configuration list for PBXNativeTarget "On the Map" */;
			buildPhases = (
				B68069DC22F81164007FED80 /* Sources */,
				B68069DD22F81164007FED80 /* Frameworks */,
				B68069DE22F81164007FED80 /* Resources */,
			);
			buildRules = (
			);
			dependencies = (
			);
			name = "On the Map";
			productName = "On the Map";
			productReference = B68069E022F81164007FED80 /* On the Map.app */;
			productType = "com.apple.product-type.application";
		};
/* End PBXNativeTarget section */

/* Begin PBXProject section */
		B68069D822F81164007FED80 /* Project object */ = {
			isa = PBXProject;
			attributes = {
				LastSwiftUpdateCheck = 1030;
				LastUpgradeCheck = 1030;
				ORGANIZATIONNAME = Creyto;
				TargetAttributes = {
					B68069DF22F81164007FED80 = {
						CreatedOnToolsVersion = 10.3;
					};
				};
			};
			buildConfigurationList = B68069DB22F81164007FED80 /* Build configuration list for PBXProject "On the Map" */;
			compatibilityVersion = "Xcode 9.3";
			developmentRegion = en;
			hasScannedForEncodings = 0;
			knownRegions = (
				en,
				Base,
			);
			mainGroup = B68069D722F81164007FED80;
			productRefGroup = B68069E122F81164007FED80 /* Products */;
			projectDirPath = "";
			projectRoot = "";
			targets = (
				B68069DF22F81164007FED80 /* On the Map */,
			);
		};
/* End PBXProject section */

/* Begin PBXResourcesBuildPhase section */
		B68069DE22F81164007FED80 /* Resources */ = {
			isa = PBXResourcesBuildPhase;
			buildActionMask = 2147483647;
			files = (
				B68069EE22F81165007FED80 /* LaunchScreen.storyboard in Resources */,
				B68069EB22F81165007FED80 /* Assets.xcassets in Resources */,
				B68069E922F81164007FED80 /* Main.storyboard in Resources */,
			);
			runOnlyForDeploymentPostprocessing = 0;
		};
/* End PBXResourcesBuildPhase section */

/* Begin PBXSourcesBuildPhase section */
		B68069DC22F81164007FED80 /* Sources */ = {
			isa = PBXSourcesBuildPhase;
			buildActionMask = 2147483647;
			files = (
				B6806A1622F86F93007FED80 /* AddLocationViewController.swift in Sources */,
				B6806A1222F85728007FED80 /* LocationResults.swift in Sources */,
				B68069E622F81164007FED80 /* LoginViewController.swift in Sources */,
				B68069E422F81164007FED80 /* AppDelegate.swift in Sources */,
				B68069FD22F82A44007FED80 /* UdacityClient.swift in Sources */,
				B6A43A9C22F9998A00F6E31B /* AddLocationResponse.swift in Sources */,
				B67764BD22FC326D00420041 /* UpdateLocationResponse.swift in Sources */,
				B6806A0722F82F98007FED80 /* SessionResponse.swift in Sources */,
				B6806A1022F855E8007FED80 /* LocationModel.swift in Sources */,
				B6806A1422F866F2007FED80 /* FindLocationViewController.swift in Sources */,
				B6806A0922F840E0007FED80 /* MapViewController.swift in Sources */,
				B68069FF22F82AAB007FED80 /* LoginRequest.swift in Sources */,
				B6806A0122F82C57007FED80 /* LoginResponse.swift in Sources */,
				B6806A0522F82F8E007FED80 /* AccountResponse.swift in Sources */,
				B6806A0322F82E11007FED80 /* AccountRequest.swift in Sources */,
				B6806A0E22F851F2007FED80 /* StudentInformation.swift in Sources */,
				B6806A0B22F840F6007FED80 /* TableTabbedViewController.swift in Sources */,
				B6A43A9E22F9A16900F6E31B /* UserLocationRequest.swift in Sources */,
			);
			runOnlyForDeploymentPostprocessing = 0;
		};
/* End PBXSourcesBuildPhase section */

/* Begin PBXVariantGroup section */
		B68069E722F81164007FED80 /* Main.storyboard */ = {
			isa = PBXVariantGroup;
			children = (
				B68069E822F81164007FED80 /* Base */,
			);
			name = Main.storyboard;
			sourceTree = "<group>";
		};
		B68069EC22F81165007FED80 /* LaunchScreen.storyboard */ = {
			isa = PBXVariantGroup;
			children = (
				B68069ED22F81165007FED80 /* Base */,
			);
			name = LaunchScreen.storyboard;
			sourceTree = "<group>";
		};
/* End PBXVariantGroup section */

/* Begin XCBuildConfiguration section */
		B68069F022F81165007FED80 /* Debug */ = {
			isa = XCBuildConfiguration;
			buildSettings = {
				ALWAYS_SEARCH_USER_PATHS = NO;
				CLANG_ANALYZER_NONNULL = YES;
				CLANG_ANALYZER_NUMBER_OBJECT_CONVERSION = YES_AGGRESSIVE;
				CLANG_CXX_LANGUAGE_STANDARD = "gnu++14";
				CLANG_CXX_LIBRARY = "libc++";
				CLANG_ENABLE_MODULES = YES;
				CLANG_ENABLE_OBJC_ARC = YES;
				CLANG_ENABLE_OBJC_WEAK = YES;
				CLANG_WARN_BLOCK_CAPTURE_AUTORELEASING = YES;
				CLANG_WARN_BOOL_CONVERSION = YES;
				CLANG_WARN_COMMA = YES;
				CLANG_WARN_CONSTANT_CONVERSION = YES;
				CLANG_WARN_DEPRECATED_OBJC_IMPLEMENTATIONS = YES;
				CLANG_WARN_DIRECT_OBJC_ISA_USAGE = YES_ERROR;
				CLANG_WARN_DOCUMENTATION_COMMENTS = YES;
				CLANG_WARN_EMPTY_BODY = YES;
				CLANG_WARN_ENUM_CONVERSION = YES;
				CLANG_WARN_INFINITE_RECURSION = YES;
				CLANG_WARN_INT_CONVERSION = YES;
				CLANG_WARN_NON_LITERAL_NULL_CONVERSION = YES;
				CLANG_WARN_OBJC_IMPLICIT_RETAIN_SELF = YES;
				CLANG_WARN_OBJC_LITERAL_CONVERSION = YES;
				CLANG_WARN_OBJC_ROOT_CLASS = YES_ERROR;
				CLANG_WARN_RANGE_LOOP_ANALYSIS = YES;
				CLANG_WARN_STRICT_PROTOTYPES = YES;
				CLANG_WARN_SUSPICIOUS_MOVE = YES;
				CLANG_WARN_UNGUARDED_AVAILABILITY = YES_AGGRESSIVE;
				CLANG_WARN_UNREACHABLE_CODE = YES;
				CLANG_WARN__DUPLICATE_METHOD_MATCH = YES;
				CODE_SIGN_IDENTITY = "iPhone Developer";
				COPY_PHASE_STRIP = NO;
				DEBUG_INFORMATION_FORMAT = dwarf;
				ENABLE_STRICT_OBJC_MSGSEND = YES;
				ENABLE_TESTABILITY = YES;
				GCC_C_LANGUAGE_STANDARD = gnu11;
				GCC_DYNAMIC_NO_PIC = NO;
				GCC_NO_COMMON_BLOCKS = YES;
				GCC_OPTIMIZATION_LEVEL = 0;
				GCC_PREPROCESSOR_DEFINITIONS = (
					"DEBUG=1",
					"$(inherited)",
				);
				GCC_WARN_64_TO_32_BIT_CONVERSION = YES;
				GCC_WARN_ABOUT_RETURN_TYPE = YES_ERROR;
				GCC_WARN_UNDECLARED_SELECTOR = YES;
				GCC_WARN_UNINITIALIZED_AUTOS = YES_AGGRESSIVE;
				GCC_WARN_UNUSED_FUNCTION = YES;
				GCC_WARN_UNUSED_VARIABLE = YES;
				IPHONEOS_DEPLOYMENT_TARGET = 12.4;
				MTL_ENABLE_DEBUG_INFO = INCLUDE_SOURCE;
				MTL_FAST_MATH = YES;
				ONLY_ACTIVE_ARCH = YES;
				SDKROOT = iphoneos;
				SWIFT_ACTIVE_COMPILATION_CONDITIONS = DEBUG;
				SWIFT_OPTIMIZATION_LEVEL = "-Onone";
			};
			name = Debug;
		};
		B68069F122F81165007FED80 /* Release */ = {
			isa = XCBuildConfiguration;
			buildSettings = {
				ALWAYS_SEARCH_USER_PATHS = NO;
				CLANG_ANALYZER_NONNULL = YES;
				CLANG_ANALYZER_NUMBER_OBJECT_CONVERSION = YES_AGGRESSIVE;
				CLANG_CXX_LANGUAGE_STANDARD = "gnu++14";
				CLANG_CXX_LIBRARY = "libc++";
				CLANG_ENABLE_MODULES = YES;
				CLANG_ENABLE_OBJC_ARC = YES;
				CLANG_ENABLE_OBJC_WEAK = YES;
				CLANG_WARN_BLOCK_CAPTURE_AUTORELEASING = YES;
				CLANG_WARN_BOOL_CONVERSION = YES;
				CLANG_WARN_COMMA = YES;
				CLANG_WARN_CONSTANT_CONVERSION = YES;
				CLANG_WARN_DEPRECATED_OBJC_IMPLEMENTATIONS = YES;
				CLANG_WARN_DIRECT_OBJC_ISA_USAGE = YES_ERROR;
				CLANG_WARN_DOCUMENTATION_COMMENTS = YES;
				CLANG_WARN_EMPTY_BODY = YES;
				CLANG_WARN_ENUM_CONVERSION = YES;
				CLANG_WARN_INFINITE_RECURSION = YES;
				CLANG_WARN_INT_CONVERSION = YES;
				CLANG_WARN_NON_LITERAL_NULL_CONVERSION = YES;
				CLANG_WARN_OBJC_IMPLICIT_RETAIN_SELF = YES;
				CLANG_WARN_OBJC_LITERAL_CONVERSION = YES;
				CLANG_WARN_OBJC_ROOT_CLASS = YES_ERROR;
				CLANG_WARN_RANGE_LOOP_ANALYSIS = YES;
				CLANG_WARN_STRICT_PROTOTYPES = YES;
				CLANG_WARN_SUSPICIOUS_MOVE = YES;
				CLANG_WARN_UNGUARDED_AVAILABILITY = YES_AGGRESSIVE;
				CLANG_WARN_UNREACHABLE_CODE = YES;
				CLANG_WARN__DUPLICATE_METHOD_MATCH = YES;
				CODE_SIGN_IDENTITY = "iPhone Developer";
				COPY_PHASE_STRIP = NO;
				DEBUG_INFORMATION_FORMAT = "dwarf-with-dsym";
				ENABLE_NS_ASSERTIONS = NO;
				ENABLE_STRICT_OBJC_MSGSEND = YES;
				GCC_C_LANGUAGE_STANDARD = gnu11;
				GCC_NO_COMMON_BLOCKS = YES;
				GCC_WARN_64_TO_32_BIT_CONVERSION = YES;
				GCC_WARN_ABOUT_RETURN_TYPE = YES_ERROR;
				GCC_WARN_UNDECLARED_SELECTOR = YES;
				GCC_WARN_UNINITIALIZED_AUTOS = YES_AGGRESSIVE;
				GCC_WARN_UNUSED_FUNCTION = YES;
				GCC_WARN_UNUSED_VARIABLE = YES;
				IPHONEOS_DEPLOYMENT_TARGET = 12.4;
				MTL_ENABLE_DEBUG_INFO = NO;
				MTL_FAST_MATH = YES;
				SDKROOT = iphoneos;
				SWIFT_COMPILATION_MODE = wholemodule;
				SWIFT_OPTIMIZATION_LEVEL = "-O";
				VALIDATE_PRODUCT = YES;
			};
			name = Release;
		};
		B68069F322F81165007FED80 /* Debug */ = {
			isa = XCBuildConfiguration;
			buildSettings = {
				ASSETCATALOG_COMPILER_APPICON_NAME = AppIcon;
				CODE_SIGN_STYLE = Automatic;
				DEVELOPMENT_TEAM = 89UUHMRUT9;
				INFOPLIST_FILE = "On the Map/Info.plist";
				LD_RUNPATH_SEARCH_PATHS = (
					"$(inherited)",
					"@executable_path/Frameworks",
				);
				PRODUCT_BUNDLE_IDENTIFIER = "com.creyto.On-the-Map";
				PRODUCT_NAME = "$(TARGET_NAME)";
				SWIFT_VERSION = 5.0;
				TARGETED_DEVICE_FAMILY = "1,2";
			};
			name = Debug;
		};
		B68069F422F81165007FED80 /* Release */ = {
			isa = XCBuildConfiguration;
			buildSettings = {
				ASSETCATALOG_COMPILER_APPICON_NAME = AppIcon;
				CODE_SIGN_STYLE = Automatic;
				DEVELOPMENT_TEAM = 89UUHMRUT9;
				INFOPLIST_FILE = "On the Map/Info.plist";
				LD_RUNPATH_SEARCH_PATHS = (
					"$(inherited)",
					"@executable_path/Frameworks",
				);
				PRODUCT_BUNDLE_IDENTIFIER = "com.creyto.On-the-Map";
				PRODUCT_NAME = "$(TARGET_NAME)";
				SWIFT_VERSION = 5.0;
				TARGETED_DEVICE_FAMILY = "1,2";
			};
			name = Release;
		};
/* End XCBuildConfiguration section */

/* Begin XCConfigurationList section */
		B68069DB22F81164007FED80 /* Build configuration list for PBXProject "On the Map" */ = {
			isa = XCConfigurationList;
			buildConfigurations = (
				B68069F022F81165007FED80 /* Debug */,
				B68069F122F81165007FED80 /* Release */,
			);
			defaultConfigurationIsVisible = 0;
			defaultConfigurationName = Release;
		};
		B68069F222F81165007FED80 /* Build configuration list for PBXNativeTarget "On the Map" */ = {
			isa = XCConfigurationList;
			buildConfigurations = (
				B68069F322F81165007FED80 /* Debug */,
				B68069F422F81165007FED80 /* Release */,
			);
			defaultConfigurationIsVisible = 0;
			defaultConfigurationName = Release;
		};
/* End XCConfigurationList section */
	};
	rootObject = B68069D822F81164007FED80 /* Project object */;
}
